
Microsoft Visual Studio Solution File, Format Version 12.00
# Visual Studio 2012
Project("{FAE04EC0-301F-11D3-BF4B-00C04F79EFBC}") = "DesignPatterns", "DesignPatterns\DesignPatterns.csproj", "{2CDE90C0-334C-4BB7-A78D-4C8E60D066F8}"
EndProject
Global
	GlobalSection(SolutionConfigurationPlatforms) = preSolution
		Debug|Any CPU = Debug|Any CPU
		Release|Any CPU = Release|Any CPU
	EndGlobalSection
	GlobalSection(ProjectConfigurationPlatforms) = postSolution
		{2CDE90C0-334C-4BB7-A78D-4C8E60D066F8}.Debug|Any CPU.ActiveCfg = Debug|Any CPU
		{2CDE90C0-334C-4BB7-A78D-4C8E60D066F8}.Debug|Any CPU.Build.0 = Debug|Any CPU
		{2CDE90C0-334C-4BB7-A78D-4C8E60D066F8}.Release|Any CPU.ActiveCfg = Release|Any CPU
		{2CDE90C0-334C-4BB7-A78D-4C8E60D066F8}.Release|Any CPU.Build.0 = Release|Any CPU
	EndGlobalSection
	GlobalSection(SolutionProperties) = preSolution
		HideSolutionNode = FALSE
	EndGlobalSection
EndGlobal
